
Microsoft Visual Studio Solution File, Format Version 12.00
# Visual Studio Version 17
VisualStudioVersion = 17.7.34031.279
MinimumVisualStudioVersion = 10.0.40219.1
Project("{FAE04EC0-301F-11D3-BF4B-00C04F79EFBC}") = "8thsection1.7", "8thsection1.7\8thsection1.7.csproj", "{75422234-0B89-4A87-BF99-87D2DDAB0C73}"
EndProject
Global
	GlobalSection(SolutionConfigurationPlatforms) = preSolution
		Debug|Any CPU = Debug|Any CPU
		Release|Any CPU = Release|Any CPU
	EndGlobalSection
	GlobalSection(ProjectConfigurationPlatforms) = postSolution
		{75422234-0B89-4A87-BF99-87D2DDAB0C73}.Debug|Any CPU.ActiveCfg = Debug|Any CPU
		{75422234-0B89-4A87-BF99-87D2DDAB0C73}.Debug|Any CPU.Build.0 = Debug|Any CPU
		{75422234-0B89-4A87-BF99-87D2DDAB0C73}.Release|Any CPU.ActiveCfg = Release|Any CPU
		{75422234-0B89-4A87-BF99-87D2DDAB0C73}.Release|Any CPU.Build.0 = Release|Any CPU
	EndGlobalSection
	GlobalSection(SolutionProperties) = preSolution
		HideSolutionNode = FALSE
	EndGlobalSection
	GlobalSection(ExtensibilityGlobals) = postSolution
		SolutionGuid = {E0A2D55A-F94B-43E2-9361-1B697D20C8CF}
	EndGlobalSection
EndGlobal
